
Microsoft Visual Studio Solution File, Format Version 12.00
# Visual Studio Version 17
VisualStudioVersion = 17.6.33723.286
MinimumVisualStudioVersion = 10.0.40219.1
Project("{9A19103F-16F7-4668-BE54-9A1E7A4F7556}") = "ShopPhone.Server", "ShopPhone\Server\ShopPhone.Server.csproj", "{B3EA2CAB-6C40-44FD-BA45-CD32CDC51D84}"
EndProject
Project("{9A19103F-16F7-4668-BE54-9A1E7A4F7556}") = "ShopPhone.Client", "ShopPhone\Client\ShopPhone.Client.csproj", "{BB1A2FAE-2355-42BA-A858-3839CC146942}"
EndProject
Project("{9A19103F-16F7-4668-BE54-9A1E7A4F7556}") = "ShopPhone.Shared", "ShopPhone\Shared\ShopPhone.Shared.csproj", "{3B68DCE7-FE8A-4A24-A0BF-6E3C89B7F91C}"
EndProject
Project("{9A19103F-16F7-4668-BE54-9A1E7A4F7556}") = "ShopPhone.Services", "ShopPhone.Services\ShopPhone.Services.csproj", "{B634E5BE-598A-4A0C-98CF-656D497FED79}"
EndProject
Project("{9A19103F-16F7-4668-BE54-9A1E7A4F7556}") = "ShopPhone.DataAccess", "ShopPhone.DataAccess\ShopPhone.DataAccess.csproj", "{B968D9B8-53BD-4723-9C7F-11604AD59E3B}"
EndProject
Project("{9A19103F-16F7-4668-BE54-9A1E7A4F7556}") = "ShopPhone.Repositories", "ShopPhone.Repositories\ShopPhone.Repositories.csproj", "{E9F911E0-98A4-497B-8001-0C03E7118480}"
EndProject
Project("{2150E333-8FDC-42A3-9474-1A3956D46DE8}") = "DataBase", "DataBase", "{5E6B932B-B39C-483B-BC33-B9CF12A6FB93}"
	ProjectSection(SolutionItems) = preProject
		C:\Program Files\Microsoft SQL Server\MSSQL15.MSSQLSERVER\MSSQL\Backup\ShopPhone.bak = C:\Program Files\Microsoft SQL Server\MSSQL15.MSSQLSERVER\MSSQL\Backup\ShopPhone.bak
	EndProjectSection
EndProject
Project("{2150E333-8FDC-42A3-9474-1A3956D46DE8}") = "Images", "Images", "{5332EBF2-5B0F-45F1-A53F-E03F40083380}"
	ProjectSection(SolutionItems) = preProject
		C:\Temp\images\Appleiphone14.png = C:\Temp\images\Appleiphone14.png
		C:\Temp\images\AsusZenphone10.png = C:\Temp\images\AsusZenphone10.png
		C:\Temp\images\Blackberrykey2LE.png = C:\Temp\images\Blackberrykey2LE.png
		C:\Temp\images\Galaxy A24 4g.png = C:\Temp\images\Galaxy A24 4g.png
		C:\Temp\images\googlepixel.jpg = C:\Temp\images\googlepixel.jpg
		C:\Temp\images\Honor90lite.png = C:\Temp\images\Honor90lite.png
		C:\Temp\images\huaweinovay91.png = C:\Temp\images\huaweinovay91.png
		C:\Temp\images\motorolarazr40ultra.png = C:\Temp\images\motorolarazr40ultra.png
		C:\Temp\images\Nokiac300.png = C:\Temp\images\Nokiac300.png
		C:\Temp\images\redmi11pro.png = C:\Temp\images\redmi11pro.png
		C:\Temp\images\SonyXperia1v.png = C:\Temp\images\SonyXperia1v.png
		C:\Temp\images\SonyXperia5IV.png = C:\Temp\images\SonyXperia5IV.png
		C:\Temp\images\TabLenovoExtreme.png = C:\Temp\images\TabLenovoExtreme.png
		C:\Temp\images\TabXiaomiPad6pro.png = C:\Temp\images\TabXiaomiPad6pro.png
	EndProjectSection
EndProject
Project("{2150E333-8FDC-42A3-9474-1A3956D46DE8}") = "Video Demostracion", "Video Demostracion", "{721A907F-7E85-4BC8-B49F-721E91D7AF2A}"
	ProjectSection(SolutionItems) = preProject
		..\..\..\Documents\Camtasia\publicacionblazor\BlazorProject\BlazorProject.mp4 = ..\..\..\Documents\Camtasia\publicacionblazor\BlazorProject\BlazorProject.mp4
	EndProjectSection
EndProject
Project("{2150E333-8FDC-42A3-9474-1A3956D46DE8}") = "Solution Items", "Solution Items", "{4018FB2B-50EF-4310-B631-349C1D0AEB06}"
	ProjectSection(SolutionItems) = preProject
		LEAME.txt = LEAME.txt
	EndProjectSection
EndProject
Global
	GlobalSection(SolutionConfigurationPlatforms) = preSolution
		Debug|Any CPU = Debug|Any CPU
		Release|Any CPU = Release|Any CPU
	EndGlobalSection
	GlobalSection(ProjectConfigurationPlatforms) = postSolution
		{B3EA2CAB-6C40-44FD-BA45-CD32CDC51D84}.Debug|Any CPU.ActiveCfg = Debug|Any CPU
		{B3EA2CAB-6C40-44FD-BA45-CD32CDC51D84}.Debug|Any CPU.Build.0 = Debug|Any CPU
		{B3EA2CAB-6C40-44FD-BA45-CD32CDC51D84}.Release|Any CPU.ActiveCfg = Release|Any CPU
		{B3EA2CAB-6C40-44FD-BA45-CD32CDC51D84}.Release|Any CPU.Build.0 = Release|Any CPU
		{BB1A2FAE-2355-42BA-A858-3839CC146942}.Debug|Any CPU.ActiveCfg = Debug|Any CPU
		{BB1A2FAE-2355-42BA-A858-3839CC146942}.Debug|Any CPU.Build.0 = Debug|Any CPU
		{BB1A2FAE-2355-42BA-A858-3839CC146942}.Release|Any CPU.ActiveCfg = Release|Any CPU
		{BB1A2FAE-2355-42BA-A858-3839CC146942}.Release|Any CPU.Build.0 = Release|Any CPU
		{3B68DCE7-FE8A-4A24-A0BF-6E3C89B7F91C}.Debug|Any CPU.ActiveCfg = Debug|Any CPU
		{3B68DCE7-FE8A-4A24-A0BF-6E3C89B7F91C}.Debug|Any CPU.Build.0 = Debug|Any CPU
		{3B68DCE7-FE8A-4A24-A0BF-6E3C89B7F91C}.Release|Any CPU.ActiveCfg = Release|Any CPU
		{3B68DCE7-FE8A-4A24-A0BF-6E3C89B7F91C}.Release|Any CPU.Build.0 = Release|Any CPU
		{B634E5BE-598A-4A0C-98CF-656D497FED79}.Debug|Any CPU.ActiveCfg = Debug|Any CPU
		{B634E5BE-598A-4A0C-98CF-656D497FED79}.Debug|Any CPU.Build.0 = Debug|Any CPU
		{B634E5BE-598A-4A0C-98CF-656D497FED79}.Release|Any CPU.ActiveCfg = Release|Any CPU
		{B634E5BE-598A-4A0C-98CF-656D497FED79}.Release|Any CPU.Build.0 = Release|Any CPU
		{B968D9B8-53BD-4723-9C7F-11604AD59E3B}.Debug|Any CPU.ActiveCfg = Debug|Any CPU
		{B968D9B8-53BD-4723-9C7F-11604AD59E3B}.Debug|Any CPU.Build.0 = Debug|Any CPU
		{B968D9B8-53BD-4723-9C7F-11604AD59E3B}.Release|Any CPU.ActiveCfg = Release|Any CPU
		{B968D9B8-53BD-4723-9C7F-11604AD59E3B}.Release|Any CPU.Build.0 = Release|Any CPU
		{E9F911E0-98A4-497B-8001-0C03E7118480}.Debug|Any CPU.ActiveCfg = Debug|Any CPU
		{E9F911E0-98A4-497B-8001-0C03E7118480}.Debug|Any CPU.Build.0 = Debug|Any CPU
		{E9F911E0-98A4-497B-8001-0C03E7118480}.Release|Any CPU.ActiveCfg = Release|Any CPU
		{E9F911E0-98A4-497B-8001-0C03E7118480}.Release|Any CPU.Build.0 = Release|Any CPU
	EndGlobalSection
	GlobalSection(SolutionProperties) = preSolution
		HideSolutionNode = FALSE
	EndGlobalSection
	GlobalSection(ExtensibilityGlobals) = postSolution
		SolutionGuid = {BA9ED15D-D7B5-4B2D-BFAC-2122A24E864E}
	EndGlobalSection
EndGlobal
